
Microsoft Visual Studio Solution File, Format Version 12.00
# Visual Studio Version 17
VisualStudioVersion = 17.1.32421.90
MinimumVisualStudioVersion = 10.0.40219.1
Project("{FAE04EC0-301F-11D3-BF4B-00C04F79EFBC}") = "LED Strip Control", "LED Strip Control.csproj", "{DADCCD4B-7C48-4D80-AFEC-5D9E1A157ADB}"
EndProject
Global
	GlobalSection(SolutionConfigurationPlatforms) = preSolution
		Debug|Any CPU = Debug|Any CPU
		Release|Any CPU = Release|Any CPU
	EndGlobalSection
	GlobalSection(ProjectConfigurationPlatforms) = postSolution
		{DADCCD4B-7C48-4D80-AFEC-5D9E1A157ADB}.Debug|Any CPU.ActiveCfg = Debug|Any CPU
		{DADCCD4B-7C48-4D80-AFEC-5D9E1A157ADB}.Debug|Any CPU.Build.0 = Debug|Any CPU
		{DADCCD4B-7C48-4D80-AFEC-5D9E1A157ADB}.Release|Any CPU.ActiveCfg = Release|Any CPU
		{DADCCD4B-7C48-4D80-AFEC-5D9E1A157ADB}.Release|Any CPU.Build.0 = Release|Any CPU
	EndGlobalSection
	GlobalSection(SolutionProperties) = preSolution
		HideSolutionNode = FALSE
	EndGlobalSection
	GlobalSection(ExtensibilityGlobals) = postSolution
		SolutionGuid = {DFA5F549-B815-4FAA-82EB-089D7B6F5A6E}
	EndGlobalSection
EndGlobal
